# This file is automatically @generated by Cargo.
# It is not intended for manual editing.
version = 4

[[package]]
name = "pptx-compose"
version = "0.1.0"
dependencies = [
 "pptx-compose-core",
 "pptx-compose-edit",
 "pptx-compose-json",
]

[[package]]
name = "pptx-compose-cli"
version = "0.1.0"
dependencies = [
 "pptx-compose",
]

[[package]]
name = "pptx-compose-core"
version = "0.1.0"

[[package]]
name = "pptx-compose-edit"
version = "0.1.0"
dependencies = [
 "pptx-compose-core",
 "pptx-compose-json",
]

[[package]]
name = "pptx-compose-json"
version = "0.1.0"

[[package]]
name = "pptx-compose-mcp"
version = "0.1.0"
dependencies = [
 "pptx-compose",
]
